// !$*UTF8*$!
{
	archiveVersion = 1;
	classes = {
	};
	objectVersion = 50;
	objects = {

/* Begin PBXBuildFile section */
		994214EA25EDDADD00472733 /* AppDelegate.m in Sources */ = {isa = PBXBuildFile; fileRef = 994214E925EDDADD00472733 /* AppDelegate.m */; };
		994214ED25EDDADD00472733 /* SceneDelegate.m in Sources */ = {isa = PBXBuildFile; fileRef = 994214EC25EDDADD00472733 /* SceneDelegate.m */; };
		994214F025EDDADD00472733 /* ViewController.m in Sources */ = {isa = PBXBuildFile; fileRef = 994214EF25EDDADD00472733 /* ViewController.m */; };
		994214F325EDDADD00472733 /* Main.storyboard in Resources */ = {isa = PBXBuildFile; fileRef = 994214F125EDDADD00472733 /* Main.storyboard */; };
		994214F525EDDAE200472733 /* Assets.xcassets in Resources */ = {isa = PBXBuildFile; fileRef = 994214F425EDDAE200472733 /* Assets.xcassets */; };
		994214F825EDDAE200472733 /* LaunchScreen.storyboard in Resources */ = {isa = PBXBuildFile; fileRef = 994214F625EDDAE200472733 /* LaunchScreen.storyboard */; };
		994214FB25EDDAE200472733 /* main.m in Sources */ = {isa = PBXBuildFile; fileRef = 994214FA25EDDAE200472733 /* main.m */; };
		9942150525EDDAE300472733 /* Parse0302Tests.m in Sources */ = {isa = PBXBuildFile; fileRef = 9942150425EDDAE300472733 /* Parse0302Tests.m */; };
		9942151025EDDAE300472733 /* Parse0302UITests.m in Sources */ = {isa = PBXBuildFile; fileRef = 9942150F25EDDAE300472733 /* Parse0302UITests.m */; };
/* End PBXBuildFile section */

/* Begin PBXContainerItemProxy section */
		9942150125EDDAE300472733 /* PBXContainerItemProxy */ = {
			isa = PBXContainerItemProxy;
			containerPortal = 994214DD25EDDADC00472733 /* Project object */;
			proxyType = 1;
			remoteGlobalIDString = 994214E425EDDADD00472733;
			remoteInfo = Parse0302;
		};
		9942150C25EDDAE300472733 /* PBXContainerItemProxy */ = {
			isa = PBXContainerItemProxy;
			containerPortal = 994214DD25EDDADC00472733 /* Project object */;
			proxyType = 1;
			remoteGlobalIDString = 994214E425EDDADD00472733;
			remoteInfo = Parse0302;
		};
/* End PBXContainerItemProxy section */

/* Begin PBXFileReference section */
		994214E525EDDADD00472733 /* Parse0302.app */ = {isa = PBXFileReference; explicitFileType = wrapper.application; includeInIndex = 0; path = Parse0302.app; sourceTree = BUILT_PRODUCTS_DIR; };
		994214E825EDDADD00472733 /* AppDelegate.h */ = {isa = PBXFileReference; lastKnownFileType = sourcecode.c.h; path = AppDelegate.h; sourceTree = "<group>"; };
		994214E925EDDADD00472733 /* AppDelegate.m */ = {isa = PBXFileReference; lastKnownFileType = sourcecode.c.objc; path = AppDelegate.m; sourceTree = "<group>"; };
		994214EB25EDDADD00472733 /* SceneDelegate.h */ = {isa = PBXFileReference; lastKnownFileType = sourcecode.c.h; path = SceneDelegate.h; sourceTree = "<group>"; };
		994214EC25EDDADD00472733 /* SceneDelegate.m */ = {isa = PBXFileReference; lastKnownFileType = sourcecode.c.objc; path = SceneDelegate.m; sourceTree = "<group>"; };
		994214EE25EDDADD00472733 /* ViewController.h */ = {isa = PBXFileReference; lastKnownFileType = sourcecode.c.h; path = ViewController.h; sourceTree = "<group>"; };
		994214EF25EDDADD00472733 /* ViewController.m */ = {isa = PBXFileReference; lastKnownFileType = sourcecode.c.objc; path = ViewController.m; sourceTree = "<group>"; };
		994214F225EDDADD00472733 /* Base */ = {isa = PBXFileReference; lastKnownFileType = file.storyboard; name = Base; path = Base.lproj/Main.storyboard; sourceTree = "<group>"; };
		994214F425EDDAE200472733 /* Assets.xcassets */ = {isa = PBXFileReference; lastKnownFileType = folder.assetcatalog; path = Assets.xcassets; sourceTree = "<group>"; };
		994214F725EDDAE200472733 /* Base */ = {isa = PBXFileReference; lastKnownFileType = file.storyboard; name = Base; path = Base.lproj/LaunchScreen.storyboard; sourceTree = "<group>"; };
		994214F925EDDAE200472733 /* Info.plist */ = {isa = PBXFileReference; lastKnownFileType = text.plist.xml; path = Info.plist; sourceTree = "<group>"; };
		994214FA25EDDAE200472733 /* main.m */ = {isa = PBXFileReference; lastKnownFileType = sourcecode.c.objc; path = main.m; sourceTree = "<group>"; };
		9942150025EDDAE300472733 /* Parse0302Tests.xctest */ = {isa = PBXFileReference; explicitFileType = wrapper.cfbundle; includeInIndex = 0; path = Parse0302Tests.xctest; sourceTree = BUILT_PRODUCTS_DIR; };
		9942150425EDDAE300472733 /* Parse0302Tests.m */ = {isa = PBXFileReference; lastKnownFileType = sourcecode.c.objc; path = Parse0302Tests.m; sourceTree = "<group>"; };
		9942150625EDDAE300472733 /* Info.plist */ = {isa = PBXFileReference; lastKnownFileType = text.plist.xml; path = Info.plist; sourceTree = "<group>"; };
		9942150B25EDDAE300472733 /* Parse0302UITests.xctest */ = {isa = PBXFileReference; explicitFileType = wrapper.cfbundle; includeInIndex = 0; path = Parse0302UITests.xctest; sourceTree = BUILT_PRODUCTS_DIR; };
		9942150F25EDDAE300472733 /* Parse0302UITests.m */ = {isa = PBXFileReference; lastKnownFileType = sourcecode.c.objc; path = Parse0302UITests.m; sourceTree = "<group>"; };
		9942151125EDDAE300472733 /* Info.plist */ = {isa = PBXFileReference; lastKnownFileType = text.plist.xml; path = Info.plist; sourceTree = "<group>"; };
/* End PBXFileReference section */

/* Begin PBXFrameworksBuildPhase section */
		994214E225EDDADD00472733 /* Frameworks */ = {
			isa = PBXFrameworksBuildPhase;
			buildActionMask = 2147483647;
			files = (
			);
			runOnlyForDeploymentPostprocessing = 0;
		};
		994214FD25EDDAE300472733 /* Frameworks */ = {
			isa = PBXFrameworksBuildPhase;
			buildActionMask = 2147483647;
			files = (
			);
			runOnlyForDeploymentPostprocessing = 0;
		};
		9942150825EDDAE300472733 /* Frameworks */ = {
			isa = PBXFrameworksBuildPhase;
			buildActionMask = 2147483647;
			files = (
			);
			runOnlyForDeploymentPostprocessing = 0;
		};
/* End PBXFrameworksBuildPhase section */

/* Begin PBXGroup section */
		994214DC25EDDADC00472733 = {
			isa = PBXGroup;
			children = (
				994214E725EDDADD00472733 /* Parse0302 */,
				9942150325EDDAE300472733 /* Parse0302Tests */,
				9942150E25EDDAE300472733 /* Parse0302UITests */,
				994214E625EDDADD00472733 /* Products */,
			);
			sourceTree = "<group>";
		};
		994214E625EDDADD00472733 /* Products */ = {
			isa = PBXGroup;
			children = (
				994214E525EDDADD00472733 /* Parse0302.app */,
				9942150025EDDAE300472733 /* Parse0302Tests.xctest */,
				9942150B25EDDAE300472733 /* Parse0302UITests.xctest */,
			);
			name = Products;
			sourceTree = "<group>";
		};
		994214E725EDDADD00472733 /* Parse0302 */ = {
			isa = PBXGroup;
			children = (
				994214E825EDDADD00472733 /* AppDelegate.h */,
				994214E925EDDADD00472733 /* AppDelegate.m */,
				994214EB25EDDADD00472733 /* SceneDelegate.h */,
				994214EC25EDDADD00472733 /* SceneDelegate.m */,
				994214EE25EDDADD00472733 /* ViewController.h */,
				994214EF25EDDADD00472733 /* ViewController.m */,
				994214F125EDDADD00472733 /* Main.storyboard */,
				994214F425EDDAE200472733 /* Assets.xcassets */,
				994214F625EDDAE200472733 /* LaunchScreen.storyboard */,
				994214F925EDDAE200472733 /* Info.plist */,
				994214FA25EDDAE200472733 /* main.m */,
			);
			path = Parse0302;
			sourceTree = "<group>";
		};
		9942150325EDDAE300472733 /* Parse0302Tests */ = {
			isa = PBXGroup;
			children = (
				9942150425EDDAE300472733 /* Parse0302Tests.m */,
				9942150625EDDAE300472733 /* Info.plist */,
			);
			path = Parse0302Tests;
			sourceTree = "<group>";
		};
		9942150E25EDDAE300472733 /* Parse0302UITests */ = {
			isa = PBXGroup;
			children = (
				9942150F25EDDAE300472733 /* Parse0302UITests.m */,
				9942151125EDDAE300472733 /* Info.plist */,
			);
			path = Parse0302UITests;
			sourceTree = "<group>";
		};
/* End PBXGroup section */

/* Begin PBXNativeTarget section */
		994214E425EDDADD00472733 /* Parse0302 */ = {
			isa = PBXNativeTarget;
			buildConfigurationList = 9942151425EDDAE300472733 /* Build configuration list for PBXNativeTarget "Parse0302" */;
			buildPhases = (
				994214E125EDDADD00472733 /* Sources */,
				994214E225EDDADD00472733 /* Frameworks */,
				994214E325EDDADD00472733 /* Resources */,
			);
			buildRules = (
			);
			dependencies = (
			);
			name = Parse0302;
			productName = Parse0302;
			productReference = 994214E525EDDADD00472733 /* Parse0302.app */;
			productType = "com.apple.product-type.application";
		};
		994214FF25EDDAE300472733 /* Parse0302Tests */ = {
			isa = PBXNativeTarget;
			buildConfigurationList = 9942151725EDDAE300472733 /* Build configuration list for PBXNativeTarget "Parse0302Tests" */;
			buildPhases = (
				994214FC25EDDAE300472733 /* Sources */,
				994214FD25EDDAE300472733 /* Frameworks */,
				994214FE25EDDAE300472733 /* Resources */,
			);
			buildRules = (
			);
			dependencies = (
				9942150225EDDAE300472733 /* PBXTargetDependency */,
			);
			name = Parse0302Tests;
			productName = Parse0302Tests;
			productReference = 9942150025EDDAE300472733 /* Parse0302Tests.xctest */;
			productType = "com.apple.product-type.bundle.unit-test";
		};
		9942150A25EDDAE300472733 /* Parse0302UITests */ = {
			isa = PBXNativeTarget;
			buildConfigurationList = 9942151A25EDDAE300472733 /* Build configuration list for PBXNativeTarget "Parse0302UITests" */;
			buildPhases = (
				9942150725EDDAE300472733 /* Sources */,
				9942150825EDDAE300472733 /* Frameworks */,
				9942150925EDDAE300472733 /* Resources */,
			);
			buildRules = (
			);
			dependencies = (
				9942150D25EDDAE300472733 /* PBXTargetDependency */,
			);
			name = Parse0302UITests;
			productName = Parse0302UITests;
			productReference = 9942150B25EDDAE300472733 /* Parse0302UITests.xctest */;
			productType = "com.apple.product-type.bundle.ui-testing";
		};
/* End PBXNativeTarget section */

/* Begin PBXProject section */
		994214DD25EDDADC00472733 /* Project object */ = {
			isa = PBXProject;
			attributes = {
				LastUpgradeCheck = 1250;
				TargetAttributes = {
					994214E425EDDADD00472733 = {
						CreatedOnToolsVersion = 12.5;
					};
					994214FF25EDDAE300472733 = {
						CreatedOnToolsVersion = 12.5;
						TestTargetID = 994214E425EDDADD00472733;
					};
					9942150A25EDDAE300472733 = {
						CreatedOnToolsVersion = 12.5;
						TestTargetID = 994214E425EDDADD00472733;
					};
				};
			};
			buildConfigurationList = 994214E025EDDADC00472733 /* Build configuration list for PBXProject "Parse0302" */;
			compatibilityVersion = "Xcode 9.3";
			developmentRegion = en;
			hasScannedForEncodings = 0;
			knownRegions = (
				en,
				Base,
			);
			mainGroup = 994214DC25EDDADC00472733;
			productRefGroup = 994214E625EDDADD00472733 /* Products */;
			projectDirPath = "";
			projectRoot = "";
			targets = (
				994214E425EDDADD00472733 /* Parse0302 */,
				994214FF25EDDAE300472733 /* Parse0302Tests */,
				9942150A25EDDAE300472733 /* Parse0302UITests */,
			);
		};
/* End PBXProject section */

/* Begin PBXResourcesBuildPhase section */
		994214E325EDDADD00472733 /* Resources */ = {
			isa = PBXResourcesBuildPhase;
			buildActionMask = 2147483647;
			files = (
				994214F825EDDAE200472733 /* LaunchScreen.storyboard in Resources */,
				994214F525EDDAE200472733 /* Assets.xcassets in Resources */,
				994214F325EDDADD00472733 /* Main.storyboard in Resources */,
			);
			runOnlyForDeploymentPostprocessing = 0;
		};
		994214FE25EDDAE300472733 /* Resources */ = {
			isa = PBXResourcesBuildPhase;
			buildActionMask = 2147483647;
			files = (
			);
			runOnlyForDeploymentPostprocessing = 0;
		};
		9942150925EDDAE300472733 /* Resources */ = {
			isa = PBXResourcesBuildPhase;
			buildActionMask = 2147483647;
			files = (
			);
			runOnlyForDeploymentPostprocessing = 0;
		};
/* End PBXResourcesBuildPhase section */

/* Begin PBXSourcesBuildPhase section */
		994214E125EDDADD00472733 /* Sources */ = {
			isa = PBXSourcesBuildPhase;
			buildActionMask = 2147483647;
			files = (
				994214F025EDDADD00472733 /* ViewController.m in Sources */,
				994214EA25EDDADD00472733 /* AppDelegate.m in Sources */,
				994214FB25EDDAE200472733 /* main.m in Sources */,
				994214ED25EDDADD00472733 /* SceneDelegate.m in Sources */,
			);
			runOnlyForDeploymentPostprocessing = 0;
		};
		994214FC25EDDAE300472733 /* Sources */ = {
			isa = PBXSourcesBuildPhase;
			buildActionMask = 2147483647;
			files = (
				9942150525EDDAE300472733 /* Parse0302Tests.m in Sources */,
			);
			runOnlyForDeploymentPostprocessing = 0;
		};
		9942150725EDDAE300472733 /* Sources */ = {
			isa = PBXSourcesBuildPhase;
			buildActionMask = 2147483647;
			files = (
				9942151025EDDAE300472733 /* Parse0302UITests.m in Sources */,
			);
			runOnlyForDeploymentPostprocessing = 0;
		};
/* End PBXSourcesBuildPhase section */

/* Begin PBXTargetDependency section */
		9942150225EDDAE300472733 /* PBXTargetDependency */ = {
			isa = PBXTargetDependency;
			target = 994214E425EDDADD00472733 /* Parse0302 */;
			targetProxy = 9942150125EDDAE300472733 /* PBXContainerItemProxy */;
		};
		9942150D25EDDAE300472733 /* PBXTargetDependency */ = {
			isa = PBXTargetDependency;
			target = 994214E425EDDADD00472733 /* Parse0302 */;
			targetProxy = 9942150C25EDDAE300472733 /* PBXContainerItemProxy */;
		};
/* End PBXTargetDependency section */

/* Begin PBXVariantGroup section */
		994214F125EDDADD00472733 /* Main.storyboard */ = {
			isa = PBXVariantGroup;
			children = (
				994214F225EDDADD00472733 /* Base */,
			);
			name = Main.storyboard;
			sourceTree = "<group>";
		};
		994214F625EDDAE200472733 /* LaunchScreen.storyboard */ = {
			isa = PBXVariantGroup;
			children = (
				994214F725EDDAE200472733 /* Base */,
			);
			name = LaunchScreen.storyboard;
			sourceTree = "<group>";
		};
/* End PBXVariantGroup section */

/* Begin XCBuildConfiguration section */
		9942151225EDDAE300472733 /* Debug */ = {
			isa = XCBuildConfiguration;
			buildSettings = {
				ALWAYS_SEARCH_USER_PATHS = NO;
				CLANG_ANALYZER_NONNULL = YES;
				CLANG_ANALYZER_NUMBER_OBJECT_CONVERSION = YES_AGGRESSIVE;
				CLANG_CXX_LANGUAGE_STANDARD = "gnu++14";
				CLANG_CXX_LIBRARY = "libc++";
				CLANG_ENABLE_MODULES = YES;
				CLANG_ENABLE_OBJC_ARC = YES;
				CLANG_ENABLE_OBJC_WEAK = YES;
				CLANG_WARN_BLOCK_CAPTURE_AUTORELEASING = YES;
				CLANG_WARN_BOOL_CONVERSION = YES;
				CLANG_WARN_COMMA = YES;
				CLANG_WARN_CONSTANT_CONVERSION = YES;
				CLANG_WARN_DEPRECATED_OBJC_IMPLEMENTATIONS = YES;
				CLANG_WARN_DIRECT_OBJC_ISA_USAGE = YES_ERROR;
				CLANG_WARN_DOCUMENTATION_COMMENTS = YES;
				CLANG_WARN_EMPTY_BODY = YES;
				CLANG_WARN_ENUM_CONVERSION = YES;
				CLANG_WARN_INFINITE_RECURSION = YES;
				CLANG_WARN_INT_CONVERSION = YES;
				CLANG_WARN_NON_LITERAL_NULL_CONVERSION = YES;
				CLANG_WARN_OBJC_IMPLICIT_RETAIN_SELF = YES;
				CLANG_WARN_OBJC_LITERAL_CONVERSION = YES;
				CLANG_WARN_OBJC_ROOT_CLASS = YES_ERROR;
				CLANG_WARN_QUOTED_INCLUDE_IN_FRAMEWORK_HEADER = YES;
				CLANG_WARN_RANGE_LOOP_ANALYSIS = YES;
				CLANG_WARN_STRICT_PROTOTYPES = YES;
				CLANG_WARN_SUSPICIOUS_MOVE = YES;
				CLANG_WARN_UNGUARDED_AVAILABILITY = YES_AGGRESSIVE;
				CLANG_WARN_UNREACHABLE_CODE = YES;
				CLANG_WARN__DUPLICATE_METHOD_MATCH = YES;
				COPY_PHASE_STRIP = NO;
				DEBUG_INFORMATION_FORMAT = dwarf;
				ENABLE_STRICT_OBJC_MSGSEND = YES;
				ENABLE_TESTABILITY = YES;
				GCC_C_LANGUAGE_STANDARD = gnu11;
				GCC_DYNAMIC_NO_PIC = NO;
				GCC_NO_COMMON_BLOCKS = YES;
				GCC_OPTIMIZATION_LEVEL = 0;
				GCC_PREPROCESSOR_DEFINITIONS = (
					"DEBUG=1",
					"$(inherited)",
				);
				GCC_WARN_64_TO_32_BIT_CONVERSION = YES;
				GCC_WARN_ABOUT_RETURN_TYPE = YES_ERROR;
				GCC_WARN_UNDECLARED_SELECTOR = YES;
				GCC_WARN_UNINITIALIZED_AUTOS = YES_AGGRESSIVE;
				GCC_WARN_UNUSED_FUNCTION = YES;
				GCC_WARN_UNUSED_VARIABLE = YES;
				IPHONEOS_DEPLOYMENT_TARGET = 14.5;
				MTL_ENABLE_DEBUG_INFO = INCLUDE_SOURCE;
				MTL_FAST_MATH = YES;
				ONLY_ACTIVE_ARCH = YES;
				SDKROOT = iphoneos;
			};
			name = Debug;
		};
		9942151325EDDAE300472733 /* Release */ = {
			isa = XCBuildConfiguration;
			buildSettings = {
				ALWAYS_SEARCH_USER_PATHS = NO;
				CLANG_ANALYZER_NONNULL = YES;
				CLANG_ANALYZER_NUMBER_OBJECT_CONVERSION = YES_AGGRESSIVE;
				CLANG_CXX_LANGUAGE_STANDARD = "gnu++14";
				CLANG_CXX_LIBRARY = "libc++";
				CLANG_ENABLE_MODULES = YES;
				CLANG_ENABLE_OBJC_ARC = YES;
				CLANG_ENABLE_OBJC_WEAK = YES;
				CLANG_WARN_BLOCK_CAPTURE_AUTORELEASING = YES;
				CLANG_WARN_BOOL_CONVERSION = YES;
				CLANG_WARN_COMMA = YES;
				CLANG_WARN_CONSTANT_CONVERSION = YES;
				CLANG_WARN_DEPRECATED_OBJC_IMPLEMENTATIONS = YES;
				CLANG_WARN_DIRECT_OBJC_ISA_USAGE = YES_ERROR;
				CLANG_WARN_DOCUMENTATION_COMMENTS = YES;
				CLANG_WARN_EMPTY_BODY = YES;
				CLANG_WARN_ENUM_CONVERSION = YES;
				CLANG_WARN_INFINITE_RECURSION = YES;
				CLANG_WARN_INT_CONVERSION = YES;
				CLANG_WARN_NON_LITERAL_NULL_CONVERSION = YES;
				CLANG_WARN_OBJC_IMPLICIT_RETAIN_SELF = YES;
				CLANG_WARN_OBJC_LITERAL_CONVERSION = YES;
				CLANG_WARN_OBJC_ROOT_CLASS = YES_ERROR;
				CLANG_WARN_QUOTED_INCLUDE_IN_FRAMEWORK_HEADER = YES;
				CLANG_WARN_RANGE_LOOP_ANALYSIS = YES;
				CLANG_WARN_STRICT_PROTOTYPES = YES;
				CLANG_WARN_SUSPICIOUS_MOVE = YES;
				CLANG_WARN_UNGUARDED_AVAILABILITY = YES_AGGRESSIVE;
				CLANG_WARN_UNREACHABLE_CODE = YES;
				CLANG_WARN__DUPLICATE_METHOD_MATCH = YES;
				COPY_PHASE_STRIP = NO;
				DEBUG_INFORMATION_FORMAT = "dwarf-with-dsym";
				ENABLE_NS_ASSERTIONS = NO;
				ENABLE_STRICT_OBJC_MSGSEND = YES;
				GCC_C_LANGUAGE_STANDARD = gnu11;
				GCC_NO_COMMON_BLOCKS = YES;
				GCC_WARN_64_TO_32_BIT_CONVERSION = YES;
				GCC_WARN_ABOUT_RETURN_TYPE = YES_ERROR;
				GCC_WARN_UNDECLARED_SELECTOR = YES;
				GCC_WARN_UNINITIALIZED_AUTOS = YES_AGGRESSIVE;
				GCC_WARN_UNUSED_FUNCTION = YES;
				GCC_WARN_UNUSED_VARIABLE = YES;
				IPHONEOS_DEPLOYMENT_TARGET = 14.5;
				MTL_ENABLE_DEBUG_INFO = NO;
				MTL_FAST_MATH = YES;
				SDKROOT = iphoneos;
				VALIDATE_PRODUCT = YES;
			};
			name = Release;
		};
		9942151525EDDAE300472733 /* Debug */ = {
			isa = XCBuildConfiguration;
			buildSettings = {
				ASSETCATALOG_COMPILER_APPICON_NAME = AppIcon;
				ASSETCATALOG_COMPILER_GLOBAL_ACCENT_COLOR_NAME = AccentColor;
				CODE_SIGN_STYLE = Automatic;
				INFOPLIST_FILE = Parse0302/Info.plist;
				LD_RUNPATH_SEARCH_PATHS = (
					"$(inherited)",
					"@executable_path/Frameworks",
				);
				PRODUCT_BUNDLE_IDENTIFIER = timothy.Parse0302;
				PRODUCT_NAME = "$(TARGET_NAME)";
				TARGETED_DEVICE_FAMILY = "1,2";
			};
			name = Debug;
		};
		9942151625EDDAE300472733 /* Release */ = {
			isa = XCBuildConfiguration;
			buildSettings = {
				ASSETCATALOG_COMPILER_APPICON_NAME = AppIcon;
				ASSETCATALOG_COMPILER_GLOBAL_ACCENT_COLOR_NAME = AccentColor;
				CODE_SIGN_STYLE = Automatic;
				INFOPLIST_FILE = Parse0302/Info.plist;
				LD_RUNPATH_SEARCH_PATHS = (
					"$(inherited)",
					"@executable_path/Frameworks",
				);
				PRODUCT_BUNDLE_IDENTIFIER = timothy.Parse0302;
				PRODUCT_NAME = "$(TARGET_NAME)";
				TARGETED_DEVICE_FAMILY = "1,2";
			};
			name = Release;
		};
		9942151825EDDAE300472733 /* Debug */ = {
			isa = XCBuildConfiguration;
			buildSettings = {
				BUNDLE_LOADER = "$(TEST_HOST)";
				CODE_SIGN_STYLE = Automatic;
				INFOPLIST_FILE = Parse0302Tests/Info.plist;
				IPHONEOS_DEPLOYMENT_TARGET = 14.5;
				LD_RUNPATH_SEARCH_PATHS = (
					"$(inherited)",
					"@executable_path/Frameworks",
					"@loader_path/Frameworks",
				);
				PRODUCT_BUNDLE_IDENTIFIER = timothy.Parse0302Tests;
				PRODUCT_NAME = "$(TARGET_NAME)";
				TARGETED_DEVICE_FAMILY = "1,2";
				TEST_HOST = "$(BUILT_PRODUCTS_DIR)/Parse0302.app/Parse0302";
			};
			name = Debug;
		};
		9942151925EDDAE300472733 /* Release */ = {
			isa = XCBuildConfiguration;
			buildSettings = {
				BUNDLE_LOADER = "$(TEST_HOST)";
				CODE_SIGN_STYLE = Automatic;
				INFOPLIST_FILE = Parse0302Tests/Info.plist;
				IPHONEOS_DEPLOYMENT_TARGET = 14.5;
				LD_RUNPATH_SEARCH_PATHS = (
					"$(inherited)",
					"@executable_path/Frameworks",
					"@loader_path/Frameworks",
				);
				PRODUCT_BUNDLE_IDENTIFIER = timothy.Parse0302Tests;
				PRODUCT_NAME = "$(TARGET_NAME)";
				TARGETED_DEVICE_FAMILY = "1,2";
				TEST_HOST = "$(BUILT_PRODUCTS_DIR)/Parse0302.app/Parse0302";
			};
			name = Release;
		};
		9942151B25EDDAE300472733 /* Debug */ = {
			isa = XCBuildConfiguration;
			buildSettings = {
				CODE_SIGN_STYLE = Automatic;
				INFOPLIST_FILE = Parse0302UITests/Info.plist;
				LD_RUNPATH_SEARCH_PATHS = (
					"$(inherited)",
					"@executable_path/Frameworks",
					"@loader_path/Frameworks",
				);
				PRODUCT_BUNDLE_IDENTIFIER = timothy.Parse0302UITests;
				PRODUCT_NAME = "$(TARGET_NAME)";
				TARGETED_DEVICE_FAMILY = "1,2";
				TEST_TARGET_NAME = Parse0302;
			};
			name = Debug;
		};
		9942151C25EDDAE300472733 /* Release */ = {
			isa = XCBuildConfiguration;
			buildSettings = {
				CODE_SIGN_STYLE = Automatic;
				INFOPLIST_FILE = Parse0302UITests/Info.plist;
				LD_RUNPATH_SEARCH_PATHS = (
					"$(inherited)",
					"@executable_path/Frameworks",
					"@loader_path/Frameworks",
				);
				PRODUCT_BUNDLE_IDENTIFIER = timothy.Parse0302UITests;
				PRODUCT_NAME = "$(TARGET_NAME)";
				TARGETED_DEVICE_FAMILY = "1,2";
				TEST_TARGET_NAME = Parse0302;
			};
			name = Release;
		};
/* End XCBuildConfiguration section */

/* Begin XCConfigurationList section */
		994214E025EDDADC00472733 /* Build configuration list for PBXProject "Parse0302" */ = {
			isa = XCConfigurationList;
			buildConfigurations = (
				9942151225EDDAE300472733 /* Debug */,
				9942151325EDDAE300472733 /* Release */,
			);
			defaultConfigurationIsVisible = 0;
			defaultConfigurationName = Release;
		};
		9942151425EDDAE300472733 /* Build configuration list for PBXNativeTarget "Parse0302" */ = {
			isa = XCConfigurationList;
			buildConfigurations = (
				9942151525EDDAE300472733 /* Debug */,
				9942151625EDDAE300472733 /* Release */,
			);
			defaultConfigurationIsVisible = 0;
			defaultConfigurationName = Release;
		};
		9942151725EDDAE300472733 /* Build configuration list for PBXNativeTarget "Parse0302Tests" */ = {
			isa = XCConfigurationList;
			buildConfigurations = (
				9942151825EDDAE300472733 /* Debug */,
				9942151925EDDAE300472733 /* Release */,
			);
			defaultConfigurationIsVisible = 0;
			defaultConfigurationName = Release;
		};
		9942151A25EDDAE300472733 /* Build configuration list for PBXNativeTarget "Parse0302UITests" */ = {
			isa = XCConfigurationList;
			buildConfigurations = (
				9942151B25EDDAE300472733 /* Debug */,
				9942151C25EDDAE300472733 /* Release */,
			);
			defaultConfigurationIsVisible = 0;
			defaultConfigurationName = Release;
		};
/* End XCConfigurationList section */
	};
	rootObject = 994214DD25EDDADC00472733 /* Project object */;
}
